// !$*UTF8*$!
{
	archiveVersion = 1;
	classes = {
	};
	objectVersion = 48;
	objects = {

/* Begin PBXBuildFile section */
		CE29F4541FFB1D4C00493711 /* DGBHomeViewController.m in Sources */ = {isa = PBXBuildFile; fileRef = CE29F4521FFB1D4C00493711 /* DGBHomeViewController.m */; };
		CE29F4551FFB1D4C00493711 /* DGBHomeViewController.xib in Resources */ = {isa = PBXBuildFile; fileRef = CE29F4531FFB1D4C00493711 /* DGBHomeViewController.xib */; };
		CE29F4591FFB1D6900493711 /* DGBSearchViewController.m in Sources */ = {isa = PBXBuildFile; fileRef = CE29F4571FFB1D6900493711 /* DGBSearchViewController.m */; };
		CE29F45E1FFB1DC200493711 /* DGBFeedViewController.m in Sources */ = {isa = PBXBuildFile; fileRef = CE29F45C1FFB1DC200493711 /* DGBFeedViewController.m */; };
		CE29F45F1FFB1DC200493711 /* DGBFeedViewController.xib in Resources */ = {isa = PBXBuildFile; fileRef = CE29F45D1FFB1DC200493711 /* DGBFeedViewController.xib */; };
		CE29F4631FFB1E5000493711 /* DGBBookLogListViewController.m in Sources */ = {isa = PBXBuildFile; fileRef = CE29F4611FFB1E5000493711 /* DGBBookLogListViewController.m */; };
		CE29F4641FFB1E5000493711 /* DGBBookLogListViewController.xib in Resources */ = {isa = PBXBuildFile; fileRef = CE29F4621FFB1E5000493711 /* DGBBookLogListViewController.xib */; };
		CE29F4681FFB1E7000493711 /* DGBUserInfoViewController.m in Sources */ = {isa = PBXBuildFile; fileRef = CE29F4661FFB1E7000493711 /* DGBUserInfoViewController.m */; };
		CE29F4691FFB1E7000493711 /* DGBUserInfoViewController.xib in Resources */ = {isa = PBXBuildFile; fileRef = CE29F4671FFB1E7000493711 /* DGBUserInfoViewController.xib */; };
		CE29F46C1FFB327A00493711 /* DGBBook.m in Sources */ = {isa = PBXBuildFile; fileRef = CE29F46B1FFB327A00493711 /* DGBBook.m */; };
		CE29F4741FFB4D4900493711 /* AladinAPI.m in Sources */ = {isa = PBXBuildFile; fileRef = CE29F4731FFB4D4900493711 /* AladinAPI.m */; };
		CE29F4771FFB62AA00493711 /* AladinConfig.m in Sources */ = {isa = PBXBuildFile; fileRef = CE29F4761FFB62AA00493711 /* AladinConfig.m */; };
		CE6026EA1FF4AE760089F2CA /* AppDelegate.m in Sources */ = {isa = PBXBuildFile; fileRef = CE6026E91FF4AE760089F2CA /* AppDelegate.m */; };
		CE6026F21FF4AE760089F2CA /* Assets.xcassets in Resources */ = {isa = PBXBuildFile; fileRef = CE6026F11FF4AE760089F2CA /* Assets.xcassets */; };
		CE6026F51FF4AE760089F2CA /* LaunchScreen.storyboard in Resources */ = {isa = PBXBuildFile; fileRef = CE6026F31FF4AE760089F2CA /* LaunchScreen.storyboard */; };
		CE6026F81FF4AE760089F2CA /* main.m in Sources */ = {isa = PBXBuildFile; fileRef = CE6026F71FF4AE760089F2CA /* main.m */; };
		CE6027021FF4AE760089F2CA /* DoksugongbangTests.m in Sources */ = {isa = PBXBuildFile; fileRef = CE6027011FF4AE760089F2CA /* DoksugongbangTests.m */; };
		CE60270D1FF4AE760089F2CA /* DoksugongbangUITests.m in Sources */ = {isa = PBXBuildFile; fileRef = CE60270C1FF4AE760089F2CA /* DoksugongbangUITests.m */; };
		CE7B76771FFDC28200B2B58A /* DGBBookListTableViewCell.m in Sources */ = {isa = PBXBuildFile; fileRef = CE7B76751FFDC28200B2B58A /* DGBBookListTableViewCell.m */; };
		CE7B76781FFDC28200B2B58A /* DGBBookListTableViewCell.xib in Resources */ = {isa = PBXBuildFile; fileRef = CE7B76761FFDC28200B2B58A /* DGBBookListTableViewCell.xib */; };
		CE7B76811FFDF30B00B2B58A /* DGBBookCoverView.m in Sources */ = {isa = PBXBuildFile; fileRef = CE7B76801FFDF30B00B2B58A /* DGBBookCoverView.m */; };
		CE7B76891FFE1E7300B2B58A /* DGBBookDetailViewController.m in Sources */ = {isa = PBXBuildFile; fileRef = CE7B76871FFE1E7300B2B58A /* DGBBookDetailViewController.m */; };
		CE7B768A1FFE1E7300B2B58A /* DGBBookDetailViewController.xib in Resources */ = {isa = PBXBuildFile; fileRef = CE7B76881FFE1E7300B2B58A /* DGBBookDetailViewController.xib */; };
		CE82AD041FFF1426005A3B73 /* DGBBookLoader.m in Sources */ = {isa = PBXBuildFile; fileRef = CE82AD031FFF1426005A3B73 /* DGBBookLoader.m */; };
		CE9457961FFCB25E00D1D5D0 /* DGBBookTitleTableViewCell.m in Sources */ = {isa = PBXBuildFile; fileRef = CE9457941FFCB25E00D1D5D0 /* DGBBookTitleTableViewCell.m */; };
		CE9457971FFCB25E00D1D5D0 /* DGBBookTitleTableViewCell.xib in Resources */ = {isa = PBXBuildFile; fileRef = CE9457951FFCB25E00D1D5D0 /* DGBBookTitleTableViewCell.xib */; };
		CE94579C1FFCC8F400D1D5D0 /* DGBBookListViewController.m in Sources */ = {isa = PBXBuildFile; fileRef = CE94579B1FFCC8F400D1D5D0 /* DGBBookListViewController.m */; };
		CE9457A01FFCDAE700D1D5D0 /* DGBBookMainView.m in Sources */ = {isa = PBXBuildFile; fileRef = CE94579F1FFCDAE700D1D5D0 /* DGBBookMainView.m */; };
/* End PBXBuildFile section */

/* Begin PBXContainerItemProxy section */
		CE6026FE1FF4AE760089F2CA /* PBXContainerItemProxy */ = {
			isa = PBXContainerItemProxy;
			containerPortal = CE6026DD1FF4AE760089F2CA /* Project object */;
			proxyType = 1;
			remoteGlobalIDString = CE6026E41FF4AE760089F2CA;
			remoteInfo = Doksugongbang;
		};
		CE6027091FF4AE760089F2CA /* PBXContainerItemProxy */ = {
			isa = PBXContainerItemProxy;
			containerPortal = CE6026DD1FF4AE760089F2CA /* Project object */;
			proxyType = 1;
			remoteGlobalIDString = CE6026E41FF4AE760089F2CA;
			remoteInfo = Doksugongbang;
		};
/* End PBXContainerItemProxy section */

/* Begin PBXFileReference section */
		CE29F4511FFB1D4C00493711 /* DGBHomeViewController.h */ = {isa = PBXFileReference; lastKnownFileType = sourcecode.c.h; path = DGBHomeViewController.h; sourceTree = "<group>"; };
		CE29F4521FFB1D4C00493711 /* DGBHomeViewController.m */ = {isa = PBXFileReference; lastKnownFileType = sourcecode.c.objc; path = DGBHomeViewController.m; sourceTree = "<group>"; };
		CE29F4531FFB1D4C00493711 /* DGBHomeViewController.xib */ = {isa = PBXFileReference; lastKnownFileType = file.xib; path = DGBHomeViewController.xib; sourceTree = "<group>"; };
		CE29F4561FFB1D6900493711 /* DGBSearchViewController.h */ = {isa = PBXFileReference; lastKnownFileType = sourcecode.c.h; path = DGBSearchViewController.h; sourceTree = "<group>"; };
		CE29F4571FFB1D6900493711 /* DGBSearchViewController.m */ = {isa = PBXFileReference; lastKnownFileType = sourcecode.c.objc; path = DGBSearchViewController.m; sourceTree = "<group>"; };
		CE29F45B1FFB1DC200493711 /* DGBFeedViewController.h */ = {isa = PBXFileReference; lastKnownFileType = sourcecode.c.h; path = DGBFeedViewController.h; sourceTree = "<group>"; };
		CE29F45C1FFB1DC200493711 /* DGBFeedViewController.m */ = {isa = PBXFileReference; lastKnownFileType = sourcecode.c.objc; path = DGBFeedViewController.m; sourceTree = "<group>"; };
		CE29F45D1FFB1DC200493711 /* DGBFeedViewController.xib */ = {isa = PBXFileReference; lastKnownFileType = file.xib; path = DGBFeedViewController.xib; sourceTree = "<group>"; };
		CE29F4601FFB1E5000493711 /* DGBBookLogListViewController.h */ = {isa = PBXFileReference; lastKnownFileType = sourcecode.c.h; path = DGBBookLogListViewController.h; sourceTree = "<group>"; };
		CE29F4611FFB1E5000493711 /* DGBBookLogListViewController.m */ = {isa = PBXFileReference; lastKnownFileType = sourcecode.c.objc; path = DGBBookLogListViewController.m; sourceTree = "<group>"; };
		CE29F4621FFB1E5000493711 /* DGBBookLogListViewController.xib */ = {isa = PBXFileReference; lastKnownFileType = file.xib; path = DGBBookLogListViewController.xib; sourceTree = "<group>"; };
		CE29F4651FFB1E7000493711 /* DGBUserInfoViewController.h */ = {isa = PBXFileReference; lastKnownFileType = sourcecode.c.h; path = DGBUserInfoViewController.h; sourceTree = "<group>"; };
		CE29F4661FFB1E7000493711 /* DGBUserInfoViewController.m */ = {isa = PBXFileReference; lastKnownFileType = sourcecode.c.objc; path = DGBUserInfoViewController.m; sourceTree = "<group>"; };
		CE29F4671FFB1E7000493711 /* DGBUserInfoViewController.xib */ = {isa = PBXFileReference; lastKnownFileType = file.xib; path = DGBUserInfoViewController.xib; sourceTree = "<group>"; };
		CE29F46A1FFB327A00493711 /* DGBBook.h */ = {isa = PBXFileReference; lastKnownFileType = sourcecode.c.h; path = DGBBook.h; sourceTree = "<group>"; };
		CE29F46B1FFB327A00493711 /* DGBBook.m */ = {isa = PBXFileReference; lastKnownFileType = sourcecode.c.objc; path = DGBBook.m; sourceTree = "<group>"; };
		CE29F4721FFB4D4900493711 /* AladinAPI.h */ = {isa = PBXFileReference; lastKnownFileType = sourcecode.c.h; path = AladinAPI.h; sourceTree = "<group>"; };
		CE29F4731FFB4D4900493711 /* AladinAPI.m */ = {isa = PBXFileReference; lastKnownFileType = sourcecode.c.objc; path = AladinAPI.m; sourceTree = "<group>"; };
		CE29F4751FFB62AA00493711 /* AladinConfig.h */ = {isa = PBXFileReference; lastKnownFileType = sourcecode.c.h; path = AladinConfig.h; sourceTree = "<group>"; };
		CE29F4761FFB62AA00493711 /* AladinConfig.m */ = {isa = PBXFileReference; lastKnownFileType = sourcecode.c.objc; path = AladinConfig.m; sourceTree = "<group>"; };
		CE6026E51FF4AE760089F2CA /* Doksugongbang.app */ = {isa = PBXFileReference; explicitFileType = wrapper.application; includeInIndex = 0; path = Doksugongbang.app; sourceTree = BUILT_PRODUCTS_DIR; };
		CE6026E81FF4AE760089F2CA /* AppDelegate.h */ = {isa = PBXFileReference; lastKnownFileType = sourcecode.c.h; path = AppDelegate.h; sourceTree = "<group>"; };
		CE6026E91FF4AE760089F2CA /* AppDelegate.m */ = {isa = PBXFileReference; lastKnownFileType = sourcecode.c.objc; path = AppDelegate.m; sourceTree = "<group>"; };
		CE6026F11FF4AE760089F2CA /* Assets.xcassets */ = {isa = PBXFileReference; lastKnownFileType = folder.assetcatalog; path = Assets.xcassets; sourceTree = "<group>"; };
		CE6026F41FF4AE760089F2CA /* Base */ = {isa = PBXFileReference; lastKnownFileType = file.storyboard; name = Base; path = Base.lproj/LaunchScreen.storyboard; sourceTree = "<group>"; };
		CE6026F61FF4AE760089F2CA /* Info.plist */ = {isa = PBXFileReference; lastKnownFileType = text.plist.xml; path = Info.plist; sourceTree = "<group>"; };
		CE6026F71FF4AE760089F2CA /* main.m */ = {isa = PBXFileReference; lastKnownFileType = sourcecode.c.objc; path = main.m; sourceTree = "<group>"; };
		CE6026FD1FF4AE760089F2CA /* DoksugongbangTests.xctest */ = {isa = PBXFileReference; explicitFileType = wrapper.cfbundle; includeInIndex = 0; path = DoksugongbangTests.xctest; sourceTree = BUILT_PRODUCTS_DIR; };
		CE6027011FF4AE760089F2CA /* DoksugongbangTests.m */ = {isa = PBXFileReference; lastKnownFileType = sourcecode.c.objc; path = DoksugongbangTests.m; sourceTree = "<group>"; };
		CE6027031FF4AE760089F2CA /* Info.plist */ = {isa = PBXFileReference; lastKnownFileType = text.plist.xml; path = Info.plist; sourceTree = "<group>"; };
		CE6027081FF4AE760089F2CA /* DoksugongbangUITests.xctest */ = {isa = PBXFileReference; explicitFileType = wrapper.cfbundle; includeInIndex = 0; path = DoksugongbangUITests.xctest; sourceTree = BUILT_PRODUCTS_DIR; };
		CE60270C1FF4AE760089F2CA /* DoksugongbangUITests.m */ = {isa = PBXFileReference; lastKnownFileType = sourcecode.c.objc; path = DoksugongbangUITests.m; sourceTree = "<group>"; };
		CE60270E1FF4AE760089F2CA /* Info.plist */ = {isa = PBXFileReference; lastKnownFileType = text.plist.xml; path = Info.plist; sourceTree = "<group>"; };
		CE7B76741FFDC28200B2B58A /* DGBBookListTableViewCell.h */ = {isa = PBXFileReference; lastKnownFileType = sourcecode.c.h; path = DGBBookListTableViewCell.h; sourceTree = "<group>"; };
		CE7B76751FFDC28200B2B58A /* DGBBookListTableViewCell.m */ = {isa = PBXFileReference; lastKnownFileType = sourcecode.c.objc; path = DGBBookListTableViewCell.m; sourceTree = "<group>"; };
		CE7B76761FFDC28200B2B58A /* DGBBookListTableViewCell.xib */ = {isa = PBXFileReference; lastKnownFileType = file.xib; path = DGBBookListTableViewCell.xib; sourceTree = "<group>"; };
		CE7B767F1FFDF30B00B2B58A /* DGBBookCoverView.h */ = {isa = PBXFileReference; lastKnownFileType = sourcecode.c.h; path = DGBBookCoverView.h; sourceTree = "<group>"; };
		CE7B76801FFDF30B00B2B58A /* DGBBookCoverView.m */ = {isa = PBXFileReference; lastKnownFileType = sourcecode.c.objc; path = DGBBookCoverView.m; sourceTree = "<group>"; };
		CE7B76861FFE1E7300B2B58A /* DGBBookDetailViewController.h */ = {isa = PBXFileReference; lastKnownFileType = sourcecode.c.h; path = DGBBookDetailViewController.h; sourceTree = "<group>"; };
		CE7B76871FFE1E7300B2B58A /* DGBBookDetailViewController.m */ = {isa = PBXFileReference; lastKnownFileType = sourcecode.c.objc; path = DGBBookDetailViewController.m; sourceTree = "<group>"; };
		CE7B76881FFE1E7300B2B58A /* DGBBookDetailViewController.xib */ = {isa = PBXFileReference; lastKnownFileType = file.xib; path = DGBBookDetailViewController.xib; sourceTree = "<group>"; };
		CE82AD021FFF1426005A3B73 /* DGBBookLoader.h */ = {isa = PBXFileReference; lastKnownFileType = sourcecode.c.h; path = DGBBookLoader.h; sourceTree = "<group>"; };
		CE82AD031FFF1426005A3B73 /* DGBBookLoader.m */ = {isa = PBXFileReference; lastKnownFileType = sourcecode.c.objc; path = DGBBookLoader.m; sourceTree = "<group>"; };
		CE9457931FFCB25E00D1D5D0 /* DGBBookTitleTableViewCell.h */ = {isa = PBXFileReference; lastKnownFileType = sourcecode.c.h; path = DGBBookTitleTableViewCell.h; sourceTree = "<group>"; };
		CE9457941FFCB25E00D1D5D0 /* DGBBookTitleTableViewCell.m */ = {isa = PBXFileReference; lastKnownFileType = sourcecode.c.objc; path = DGBBookTitleTableViewCell.m; sourceTree = "<group>"; };
		CE9457951FFCB25E00D1D5D0 /* DGBBookTitleTableViewCell.xib */ = {isa = PBXFileReference; lastKnownFileType = file.xib; path = DGBBookTitleTableViewCell.xib; sourceTree = "<group>"; };
		CE94579A1FFCC8F400D1D5D0 /* DGBBookListViewController.h */ = {isa = PBXFileReference; lastKnownFileType = sourcecode.c.h; path = DGBBookListViewController.h; sourceTree = "<group>"; };
		CE94579B1FFCC8F400D1D5D0 /* DGBBookListViewController.m */ = {isa = PBXFileReference; lastKnownFileType = sourcecode.c.objc; path = DGBBookListViewController.m; sourceTree = "<group>"; };
		CE94579E1FFCDAE700D1D5D0 /* DGBBookMainView.h */ = {isa = PBXFileReference; lastKnownFileType = sourcecode.c.h; path = DGBBookMainView.h; sourceTree = "<group>"; };
		CE94579F1FFCDAE700D1D5D0 /* DGBBookMainView.m */ = {isa = PBXFileReference; lastKnownFileType = sourcecode.c.objc; path = DGBBookMainView.m; sourceTree = "<group>"; };
/* End PBXFileReference section */

/* Begin PBXFrameworksBuildPhase section */
		CE6026E21FF4AE760089F2CA /* Frameworks */ = {
			isa = PBXFrameworksBuildPhase;
			buildActionMask = 2147483647;
			files = (
			);
			runOnlyForDeploymentPostprocessing = 0;
		};
		CE6026FA1FF4AE760089F2CA /* Frameworks */ = {
			isa = PBXFrameworksBuildPhase;
			buildActionMask = 2147483647;
			files = (
			);
			runOnlyForDeploymentPostprocessing = 0;
		};
		CE6027051FF4AE760089F2CA /* Frameworks */ = {
			isa = PBXFrameworksBuildPhase;
			buildActionMask = 2147483647;
			files = (
			);
			runOnlyForDeploymentPostprocessing = 0;
		};
/* End PBXFrameworksBuildPhase section */

/* Begin PBXGroup section */
		CE17F8761FF5D25300B7694A /* View Controllers */ = {
			isa = PBXGroup;
			children = (
				CE7B76851FFE1E5900B2B58A /* Book Detail */,
				CE9457991FFCC41F00D1D5D0 /* Book List */,
				CE9457981FFCC3F900D1D5D0 /* Searching */,
				CE29F45B1FFB1DC200493711 /* DGBFeedViewController.h */,
				CE29F45C1FFB1DC200493711 /* DGBFeedViewController.m */,
				CE29F45D1FFB1DC200493711 /* DGBFeedViewController.xib */,
				CE29F4601FFB1E5000493711 /* DGBBookLogListViewController.h */,
				CE29F4611FFB1E5000493711 /* DGBBookLogListViewController.m */,
				CE29F4621FFB1E5000493711 /* DGBBookLogListViewController.xib */,
				CE29F4651FFB1E7000493711 /* DGBUserInfoViewController.h */,
				CE29F4661FFB1E7000493711 /* DGBUserInfoViewController.m */,
				CE29F4671FFB1E7000493711 /* DGBUserInfoViewController.xib */,
			);
			path = "View Controllers";
			sourceTree = "<group>";
		};
		CE17F8771FF5D27100B7694A /* Application Delegate */ = {
			isa = PBXGroup;
			children = (
				CE6026E81FF4AE760089F2CA /* AppDelegate.h */,
				CE6026E91FF4AE760089F2CA /* AppDelegate.m */,
			);
			path = "Application Delegate";
			sourceTree = "<group>";
		};
		CE17F8781FF5D29D00B7694A /* Supporting Files */ = {
			isa = PBXGroup;
			children = (
				CE6026F11FF4AE760089F2CA /* Assets.xcassets */,
				CE6026F31FF4AE760089F2CA /* LaunchScreen.storyboard */,
				CE6026F61FF4AE760089F2CA /* Info.plist */,
				CE6026F71FF4AE760089F2CA /* main.m */,
			);
			path = "Supporting Files";
			sourceTree = "<group>";
		};
		CE17F8791FF5D3C800B7694A /* Views */ = {
			isa = PBXGroup;
			children = (
				CE94579D1FFCDA1300D1D5D0 /* Custom Views */,
				CE9457921FFCB1F400D1D5D0 /* Table View Cells */,
			);
			path = Views;
			sourceTree = "<group>";
		};
		CE17F87A1FF5D3CE00B7694A /* Models */ = {
			isa = PBXGroup;
			children = (
				CE29F46A1FFB327A00493711 /* DGBBook.h */,
				CE29F46B1FFB327A00493711 /* DGBBook.m */,
			);
			path = Models;
			sourceTree = "<group>";
		};
		CE29F4701FFB4D1A00493711 /* Configurations */ = {
			isa = PBXGroup;
			children = (
				CE29F4751FFB62AA00493711 /* AladinConfig.h */,
				CE29F4761FFB62AA00493711 /* AladinConfig.m */,
			);
			path = Configurations;
			sourceTree = "<group>";
		};
		CE29F4711FFB4D3800493711 /* Utils */ = {
			isa = PBXGroup;
			children = (
				CE29F4721FFB4D4900493711 /* AladinAPI.h */,
				CE29F4731FFB4D4900493711 /* AladinAPI.m */,
				CE82AD021FFF1426005A3B73 /* DGBBookLoader.h */,
				CE82AD031FFF1426005A3B73 /* DGBBookLoader.m */,
			);
			path = Utils;
			sourceTree = "<group>";
		};
		CE6026DC1FF4AE760089F2CA = {
			isa = PBXGroup;
			children = (
				CE6026E71FF4AE760089F2CA /* Doksugongbang */,
				CE6027001FF4AE760089F2CA /* DoksugongbangTests */,
				CE60270B1FF4AE760089F2CA /* DoksugongbangUITests */,
				CE6026E61FF4AE760089F2CA /* Products */,
			);
			sourceTree = "<group>";
		};
		CE6026E61FF4AE760089F2CA /* Products */ = {
			isa = PBXGroup;
			children = (
				CE6026E51FF4AE760089F2CA /* Doksugongbang.app */,
				CE6026FD1FF4AE760089F2CA /* DoksugongbangTests.xctest */,
				CE6027081FF4AE760089F2CA /* DoksugongbangUITests.xctest */,
			);
			name = Products;
			sourceTree = "<group>";
		};
		CE6026E71FF4AE760089F2CA /* Doksugongbang */ = {
			isa = PBXGroup;
			children = (
				CE29F4711FFB4D3800493711 /* Utils */,
				CE29F4701FFB4D1A00493711 /* Configurations */,
				CE17F87A1FF5D3CE00B7694A /* Models */,
				CE17F8791FF5D3C800B7694A /* Views */,
				CE17F8761FF5D25300B7694A /* View Controllers */,
				CE17F8771FF5D27100B7694A /* Application Delegate */,
				CE17F8781FF5D29D00B7694A /* Supporting Files */,
			);
			path = Doksugongbang;
			sourceTree = "<group>";
		};
		CE6027001FF4AE760089F2CA /* DoksugongbangTests */ = {
			isa = PBXGroup;
			children = (
				CE6027011FF4AE760089F2CA /* DoksugongbangTests.m */,
				CE6027031FF4AE760089F2CA /* Info.plist */,
			);
			path = DoksugongbangTests;
			sourceTree = "<group>";
		};
		CE60270B1FF4AE760089F2CA /* DoksugongbangUITests */ = {
			isa = PBXGroup;
			children = (
				CE60270C1FF4AE760089F2CA /* DoksugongbangUITests.m */,
				CE60270E1FF4AE760089F2CA /* Info.plist */,
			);
			path = DoksugongbangUITests;
			sourceTree = "<group>";
		};
		CE7B76851FFE1E5900B2B58A /* Book Detail */ = {
			isa = PBXGroup;
			children = (
				CE7B76861FFE1E7300B2B58A /* DGBBookDetailViewController.h */,
				CE7B76871FFE1E7300B2B58A /* DGBBookDetailViewController.m */,
				CE7B76881FFE1E7300B2B58A /* DGBBookDetailViewController.xib */,
			);
			path = "Book Detail";
			sourceTree = "<group>";
		};
		CE9457921FFCB1F400D1D5D0 /* Table View Cells */ = {
			isa = PBXGroup;
			children = (
				CE9457931FFCB25E00D1D5D0 /* DGBBookTitleTableViewCell.h */,
				CE9457941FFCB25E00D1D5D0 /* DGBBookTitleTableViewCell.m */,
				CE9457951FFCB25E00D1D5D0 /* DGBBookTitleTableViewCell.xib */,
				CE7B76741FFDC28200B2B58A /* DGBBookListTableViewCell.h */,
				CE7B76751FFDC28200B2B58A /* DGBBookListTableViewCell.m */,
				CE7B76761FFDC28200B2B58A /* DGBBookListTableViewCell.xib */,
			);
			path = "Table View Cells";
			sourceTree = "<group>";
		};
		CE9457981FFCC3F900D1D5D0 /* Searching */ = {
			isa = PBXGroup;
			children = (
				CE29F4561FFB1D6900493711 /* DGBSearchViewController.h */,
				CE29F4571FFB1D6900493711 /* DGBSearchViewController.m */,
			);
			path = Searching;
			sourceTree = "<group>";
		};
		CE9457991FFCC41F00D1D5D0 /* Book List */ = {
			isa = PBXGroup;
			children = (
				CE29F4511FFB1D4C00493711 /* DGBHomeViewController.h */,
				CE29F4521FFB1D4C00493711 /* DGBHomeViewController.m */,
				CE29F4531FFB1D4C00493711 /* DGBHomeViewController.xib */,
				CE94579A1FFCC8F400D1D5D0 /* DGBBookListViewController.h */,
				CE94579B1FFCC8F400D1D5D0 /* DGBBookListViewController.m */,
			);
			path = "Book List";
			sourceTree = "<group>";
		};
		CE94579D1FFCDA1300D1D5D0 /* Custom Views */ = {
			isa = PBXGroup;
			children = (
				CE94579E1FFCDAE700D1D5D0 /* DGBBookMainView.h */,
				CE94579F1FFCDAE700D1D5D0 /* DGBBookMainView.m */,
				CE7B767F1FFDF30B00B2B58A /* DGBBookCoverView.h */,
				CE7B76801FFDF30B00B2B58A /* DGBBookCoverView.m */,
			);
			path = "Custom Views";
			sourceTree = "<group>";
		};
/* End PBXGroup section */

/* Begin PBXNativeTarget section */
		CE6026E41FF4AE760089F2CA /* Doksugongbang */ = {
			isa = PBXNativeTarget;
			buildConfigurationList = CE6027111FF4AE760089F2CA /* Build configuration list for PBXNativeTarget "Doksugongbang" */;
			buildPhases = (
				CE6026E11FF4AE760089F2CA /* Sources */,
				CE6026E21FF4AE760089F2CA /* Frameworks */,
				CE6026E31FF4AE760089F2CA /* Resources */,
			);
			buildRules = (
			);
			dependencies = (
			);
			name = Doksugongbang;
			productName = Doksugongbang;
			productReference = CE6026E51FF4AE760089F2CA /* Doksugongbang.app */;
			productType = "com.apple.product-type.application";
		};
		CE6026FC1FF4AE760089F2CA /* DoksugongbangTests */ = {
			isa = PBXNativeTarget;
			buildConfigurationList = CE6027141FF4AE760089F2CA /* Build configuration list for PBXNativeTarget "DoksugongbangTests" */;
			buildPhases = (
				CE6026F91FF4AE760089F2CA /* Sources */,
				CE6026FA1FF4AE760089F2CA /* Frameworks */,
				CE6026FB1FF4AE760089F2CA /* Resources */,
			);
			buildRules = (
			);
			dependencies = (
				CE6026FF1FF4AE760089F2CA /* PBXTargetDependency */,
			);
			name = DoksugongbangTests;
			productName = DoksugongbangTests;
			productReference = CE6026FD1FF4AE760089F2CA /* DoksugongbangTests.xctest */;
			productType = "com.apple.product-type.bundle.unit-test";
		};
		CE6027071FF4AE760089F2CA /* DoksugongbangUITests */ = {
			isa = PBXNativeTarget;
			buildConfigurationList = CE6027171FF4AE760089F2CA /* Build configuration list for PBXNativeTarget "DoksugongbangUITests" */;
			buildPhases = (
				CE6027041FF4AE760089F2CA /* Sources */,
				CE6027051FF4AE760089F2CA /* Frameworks */,
				CE6027061FF4AE760089F2CA /* Resources */,
			);
			buildRules = (
			);
			dependencies = (
				CE60270A1FF4AE760089F2CA /* PBXTargetDependency */,
			);
			name = DoksugongbangUITests;
			productName = DoksugongbangUITests;
			productReference = CE6027081FF4AE760089F2CA /* DoksugongbangUITests.xctest */;
			productType = "com.apple.product-type.bundle.ui-testing";
		};
/* End PBXNativeTarget section */

/* Begin PBXProject section */
		CE6026DD1FF4AE760089F2CA /* Project object */ = {
			isa = PBXProject;
			attributes = {
				CLASSPREFIX = DGB;
				LastUpgradeCheck = 0920;
				ORGANIZATIONNAME = USER;
				TargetAttributes = {
					CE6026E41FF4AE760089F2CA = {
						CreatedOnToolsVersion = 9.2;
						ProvisioningStyle = Automatic;
					};
					CE6026FC1FF4AE760089F2CA = {
						CreatedOnToolsVersion = 9.2;
						ProvisioningStyle = Automatic;
						TestTargetID = CE6026E41FF4AE760089F2CA;
					};
					CE6027071FF4AE760089F2CA = {
						CreatedOnToolsVersion = 9.2;
						ProvisioningStyle = Automatic;
						TestTargetID = CE6026E41FF4AE760089F2CA;
					};
				};
			};
			buildConfigurationList = CE6026E01FF4AE760089F2CA /* Build configuration list for PBXProject "Doksugongbang" */;
			compatibilityVersion = "Xcode 8.0";
			developmentRegion = en;
			hasScannedForEncodings = 0;
			knownRegions = (
				en,
				Base,
			);
			mainGroup = CE6026DC1FF4AE760089F2CA;
			productRefGroup = CE6026E61FF4AE760089F2CA /* Products */;
			projectDirPath = "";
			projectRoot = "";
			targets = (
				CE6026E41FF4AE760089F2CA /* Doksugongbang */,
				CE6026FC1FF4AE760089F2CA /* DoksugongbangTests */,
				CE6027071FF4AE760089F2CA /* DoksugongbangUITests */,
			);
		};
/* End PBXProject section */

/* Begin PBXResourcesBuildPhase section */
		CE6026E31FF4AE760089F2CA /* Resources */ = {
			isa = PBXResourcesBuildPhase;
			buildActionMask = 2147483647;
			files = (
				CE29F4691FFB1E7000493711 /* DGBUserInfoViewController.xib in Resources */,
				CE29F4551FFB1D4C00493711 /* DGBHomeViewController.xib in Resources */,
				CE9457971FFCB25E00D1D5D0 /* DGBBookTitleTableViewCell.xib in Resources */,
				CE29F45F1FFB1DC200493711 /* DGBFeedViewController.xib in Resources */,
				CE7B76781FFDC28200B2B58A /* DGBBookListTableViewCell.xib in Resources */,
				CE7B768A1FFE1E7300B2B58A /* DGBBookDetailViewController.xib in Resources */,
				CE29F4641FFB1E5000493711 /* DGBBookLogListViewController.xib in Resources */,
				CE6026F51FF4AE760089F2CA /* LaunchScreen.storyboard in Resources */,
				CE6026F21FF4AE760089F2CA /* Assets.xcassets in Resources */,
			);
			runOnlyForDeploymentPostprocessing = 0;
		};
		CE6026FB1FF4AE760089F2CA /* Resources */ = {
			isa = PBXResourcesBuildPhase;
			buildActionMask = 2147483647;
			files = (
			);
			runOnlyForDeploymentPostprocessing = 0;
		};
		CE6027061FF4AE760089F2CA /* Resources */ = {
			isa = PBXResourcesBuildPhase;
			buildActionMask = 2147483647;
			files = (
			);
			runOnlyForDeploymentPostprocessing = 0;
		};
/* End PBXResourcesBuildPhase section */

/* Begin PBXSourcesBuildPhase section */
		CE6026E11FF4AE760089F2CA /* Sources */ = {
			isa = PBXSourcesBuildPhase;
			buildActionMask = 2147483647;
			files = (
				CE29F4681FFB1E7000493711 /* DGBUserInfoViewController.m in Sources */,
				CE9457A01FFCDAE700D1D5D0 /* DGBBookMainView.m in Sources */,
				CE7B76891FFE1E7300B2B58A /* DGBBookDetailViewController.m in Sources */,
				CE29F4741FFB4D4900493711 /* AladinAPI.m in Sources */,
				CE9457961FFCB25E00D1D5D0 /* DGBBookTitleTableViewCell.m in Sources */,
				CE6026F81FF4AE760089F2CA /* main.m in Sources */,
				CE29F45E1FFB1DC200493711 /* DGBFeedViewController.m in Sources */,
				CE82AD041FFF1426005A3B73 /* DGBBookLoader.m in Sources */,
				CE29F4631FFB1E5000493711 /* DGBBookLogListViewController.m in Sources */,
				CE29F46C1FFB327A00493711 /* DGBBook.m in Sources */,
				CE7B76771FFDC28200B2B58A /* DGBBookListTableViewCell.m in Sources */,
				CE6026EA1FF4AE760089F2CA /* AppDelegate.m in Sources */,
				CE7B76811FFDF30B00B2B58A /* DGBBookCoverView.m in Sources */,
				CE29F4591FFB1D6900493711 /* DGBSearchViewController.m in Sources */,
				CE94579C1FFCC8F400D1D5D0 /* DGBBookListViewController.m in Sources */,
				CE29F4541FFB1D4C00493711 /* DGBHomeViewController.m in Sources */,
				CE29F4771FFB62AA00493711 /* AladinConfig.m in Sources */,
			);
			runOnlyForDeploymentPostprocessing = 0;
		};
		CE6026F91FF4AE760089F2CA /* Sources */ = {
			isa = PBXSourcesBuildPhase;
			buildActionMask = 2147483647;
			files = (
				CE6027021FF4AE760089F2CA /* DoksugongbangTests.m in Sources */,
			);
			runOnlyForDeploymentPostprocessing = 0;
		};
		CE6027041FF4AE760089F2CA /* Sources */ = {
			isa = PBXSourcesBuildPhase;
			buildActionMask = 2147483647;
			files = (
				CE60270D1FF4AE760089F2CA /* DoksugongbangUITests.m in Sources */,
			);
			runOnlyForDeploymentPostprocessing = 0;
		};
/* End PBXSourcesBuildPhase section */

/* Begin PBXTargetDependency section */
		CE6026FF1FF4AE760089F2CA /* PBXTargetDependency */ = {
			isa = PBXTargetDependency;
			target = CE6026E41FF4AE760089F2CA /* Doksugongbang */;
			targetProxy = CE6026FE1FF4AE760089F2CA /* PBXContainerItemProxy */;
		};
		CE60270A1FF4AE760089F2CA /* PBXTargetDependency */ = {
			isa = PBXTargetDependency;
			target = CE6026E41FF4AE760089F2CA /* Doksugongbang */;
			targetProxy = CE6027091FF4AE760089F2CA /* PBXContainerItemProxy */;
		};
/* End PBXTargetDependency section */

/* Begin PBXVariantGroup section */
		CE6026F31FF4AE760089F2CA /* LaunchScreen.storyboard */ = {
			isa = PBXVariantGroup;
			children = (
				CE6026F41FF4AE760089F2CA /* Base */,
			);
			name = LaunchScreen.storyboard;
			sourceTree = "<group>";
		};
/* End PBXVariantGroup section */

/* Begin XCBuildConfiguration section */
		CE60270F1FF4AE760089F2CA /* Debug */ = {
			isa = XCBuildConfiguration;
			buildSettings = {
				ALWAYS_SEARCH_USER_PATHS = NO;
				CLANG_ANALYZER_NONNULL = YES;
				CLANG_ANALYZER_NUMBER_OBJECT_CONVERSION = YES_AGGRESSIVE;
				CLANG_CXX_LANGUAGE_STANDARD = "gnu++14";
				CLANG_CXX_LIBRARY = "libc++";
				CLANG_ENABLE_MODULES = YES;
				CLANG_ENABLE_OBJC_ARC = YES;
				CLANG_WARN_BLOCK_CAPTURE_AUTORELEASING = YES;
				CLANG_WARN_BOOL_CONVERSION = YES;
				CLANG_WARN_COMMA = YES;
				CLANG_WARN_CONSTANT_CONVERSION = YES;
				CLANG_WARN_DIRECT_OBJC_ISA_USAGE = YES_ERROR;
				CLANG_WARN_DOCUMENTATION_COMMENTS = YES;
				CLANG_WARN_EMPTY_BODY = YES;
				CLANG_WARN_ENUM_CONVERSION = YES;
				CLANG_WARN_INFINITE_RECURSION = YES;
				CLANG_WARN_INT_CONVERSION = YES;
				CLANG_WARN_NON_LITERAL_NULL_CONVERSION = YES;
				CLANG_WARN_OBJC_LITERAL_CONVERSION = YES;
				CLANG_WARN_OBJC_ROOT_CLASS = YES_ERROR;
				CLANG_WARN_RANGE_LOOP_ANALYSIS = YES;
				CLANG_WARN_STRICT_PROTOTYPES = YES;
				CLANG_WARN_SUSPICIOUS_MOVE = YES;
				CLANG_WARN_UNGUARDED_AVAILABILITY = YES_AGGRESSIVE;
				CLANG_WARN_UNREACHABLE_CODE = YES;
				CLANG_WARN__DUPLICATE_METHOD_MATCH = YES;
				CODE_SIGN_IDENTITY = "iPhone Developer";
				COPY_PHASE_STRIP = NO;
				DEBUG_INFORMATION_FORMAT = dwarf;
				ENABLE_STRICT_OBJC_MSGSEND = YES;
				ENABLE_TESTABILITY = YES;
				GCC_C_LANGUAGE_STANDARD = gnu11;
				GCC_DYNAMIC_NO_PIC = NO;
				GCC_NO_COMMON_BLOCKS = YES;
				GCC_OPTIMIZATION_LEVEL = 0;
				GCC_PREPROCESSOR_DEFINITIONS = (
					"DEBUG=1",
					"$(inherited)",
				);
				GCC_WARN_64_TO_32_BIT_CONVERSION = YES;
				GCC_WARN_ABOUT_RETURN_TYPE = YES_ERROR;
				GCC_WARN_UNDECLARED_SELECTOR = YES;
				GCC_WARN_UNINITIALIZED_AUTOS = YES_AGGRESSIVE;
				GCC_WARN_UNUSED_FUNCTION = YES;
				GCC_WARN_UNUSED_VARIABLE = YES;
				IPHONEOS_DEPLOYMENT_TARGET = 11.2;
				MTL_ENABLE_DEBUG_INFO = YES;
				ONLY_ACTIVE_ARCH = YES;
				SDKROOT = iphoneos;
			};
			name = Debug;
		};
		CE6027101FF4AE760089F2CA /* Release */ = {
			isa = XCBuildConfiguration;
			buildSettings = {
				ALWAYS_SEARCH_USER_PATHS = NO;
				CLANG_ANALYZER_NONNULL = YES;
				CLANG_ANALYZER_NUMBER_OBJECT_CONVERSION = YES_AGGRESSIVE;
				CLANG_CXX_LANGUAGE_STANDARD = "gnu++14";
				CLANG_CXX_LIBRARY = "libc++";
				CLANG_ENABLE_MODULES = YES;
				CLANG_ENABLE_OBJC_ARC = YES;
				CLANG_WARN_BLOCK_CAPTURE_AUTORELEASING = YES;
				CLANG_WARN_BOOL_CONVERSION = YES;
				CLANG_WARN_COMMA = YES;
				CLANG_WARN_CONSTANT_CONVERSION = YES;
				CLANG_WARN_DIRECT_OBJC_ISA_USAGE = YES_ERROR;
				CLANG_WARN_DOCUMENTATION_COMMENTS = YES;
				CLANG_WARN_EMPTY_BODY = YES;
				CLANG_WARN_ENUM_CONVERSION = YES;
				CLANG_WARN_INFINITE_RECURSION = YES;
				CLANG_WARN_INT_CONVERSION = YES;
				CLANG_WARN_NON_LITERAL_NULL_CONVERSION = YES;
				CLANG_WARN_OBJC_LITERAL_CONVERSION = YES;
				CLANG_WARN_OBJC_ROOT_CLASS = YES_ERROR;
				CLANG_WARN_RANGE_LOOP_ANALYSIS = YES;
				CLANG_WARN_STRICT_PROTOTYPES = YES;
				CLANG_WARN_SUSPICIOUS_MOVE = YES;
				CLANG_WARN_UNGUARDED_AVAILABILITY = YES_AGGRESSIVE;
				CLANG_WARN_UNREACHABLE_CODE = YES;
				CLANG_WARN__DUPLICATE_METHOD_MATCH = YES;
				CODE_SIGN_IDENTITY = "iPhone Developer";
				COPY_PHASE_STRIP = NO;
				DEBUG_INFORMATION_FORMAT = "dwarf-with-dsym";
				ENABLE_NS_ASSERTIONS = NO;
				ENABLE_STRICT_OBJC_MSGSEND = YES;
				GCC_C_LANGUAGE_STANDARD = gnu11;
				GCC_NO_COMMON_BLOCKS = YES;
				GCC_WARN_64_TO_32_BIT_CONVERSION = YES;
				GCC_WARN_ABOUT_RETURN_TYPE = YES_ERROR;
				GCC_WARN_UNDECLARED_SELECTOR = YES;
				GCC_WARN_UNINITIALIZED_AUTOS = YES_AGGRESSIVE;
				GCC_WARN_UNUSED_FUNCTION = YES;
				GCC_WARN_UNUSED_VARIABLE = YES;
				IPHONEOS_DEPLOYMENT_TARGET = 11.2;
				MTL_ENABLE_DEBUG_INFO = NO;
				SDKROOT = iphoneos;
				VALIDATE_PRODUCT = YES;
			};
			name = Release;
		};
		CE6027121FF4AE760089F2CA /* Debug */ = {
			isa = XCBuildConfiguration;
			buildSettings = {
				ASSETCATALOG_COMPILER_APPICON_NAME = AppIcon;
				CODE_SIGN_STYLE = Automatic;
				DEVELOPMENT_TEAM = 8YUW62G748;
				INFOPLIST_FILE = "$(SRCROOT)/Doksugongbang/Supporting Files/Info.plist";
				LD_RUNPATH_SEARCH_PATHS = "$(inherited) @executable_path/Frameworks";
				PRODUCT_BUNDLE_IDENTIFIER = com.yeon.Doksugongbang;
				PRODUCT_NAME = "$(TARGET_NAME)";
				TARGETED_DEVICE_FAMILY = 1;
			};
			name = Debug;
		};
		CE6027131FF4AE760089F2CA /* Release */ = {
			isa = XCBuildConfiguration;
			buildSettings = {
				ASSETCATALOG_COMPILER_APPICON_NAME = AppIcon;
				CODE_SIGN_STYLE = Automatic;
				DEVELOPMENT_TEAM = 8YUW62G748;
				INFOPLIST_FILE = "$(SRCROOT)/Doksugongbang/Supporting Files/Info.plist";
				LD_RUNPATH_SEARCH_PATHS = "$(inherited) @executable_path/Frameworks";
				PRODUCT_BUNDLE_IDENTIFIER = com.yeon.Doksugongbang;
				PRODUCT_NAME = "$(TARGET_NAME)";
				TARGETED_DEVICE_FAMILY = 1;
			};
			name = Release;
		};
		CE6027151FF4AE760089F2CA /* Debug */ = {
			isa = XCBuildConfiguration;
			buildSettings = {
				BUNDLE_LOADER = "$(TEST_HOST)";
				CODE_SIGN_STYLE = Automatic;
				DEVELOPMENT_TEAM = 8YUW62G748;
				INFOPLIST_FILE = DoksugongbangTests/Info.plist;
				LD_RUNPATH_SEARCH_PATHS = "$(inherited) @executable_path/Frameworks @loader_path/Frameworks";
				PRODUCT_BUNDLE_IDENTIFIER = com.yeon.DoksugongbangTests;
				PRODUCT_NAME = "$(TARGET_NAME)";
				TARGETED_DEVICE_FAMILY = "1,2";
				TEST_HOST = "$(BUILT_PRODUCTS_DIR)/Doksugongbang.app/Doksugongbang";
			};
			name = Debug;
		};
		CE6027161FF4AE760089F2CA /* Release */ = {
			isa = XCBuildConfiguration;
			buildSettings = {
				BUNDLE_LOADER = "$(TEST_HOST)";
				CODE_SIGN_STYLE = Automatic;
				DEVELOPMENT_TEAM = 8YUW62G748;
				INFOPLIST_FILE = DoksugongbangTests/Info.plist;
				LD_RUNPATH_SEARCH_PATHS = "$(inherited) @executable_path/Frameworks @loader_path/Frameworks";
				PRODUCT_BUNDLE_IDENTIFIER = com.yeon.DoksugongbangTests;
				PRODUCT_NAME = "$(TARGET_NAME)";
				TARGETED_DEVICE_FAMILY = "1,2";
				TEST_HOST = "$(BUILT_PRODUCTS_DIR)/Doksugongbang.app/Doksugongbang";
			};
			name = Release;
		};
		CE6027181FF4AE760089F2CA /* Debug */ = {
			isa = XCBuildConfiguration;
			buildSettings = {
				CODE_SIGN_STYLE = Automatic;
				DEVELOPMENT_TEAM = 8YUW62G748;
				INFOPLIST_FILE = DoksugongbangUITests/Info.plist;
				LD_RUNPATH_SEARCH_PATHS = "$(inherited) @executable_path/Frameworks @loader_path/Frameworks";
				PRODUCT_BUNDLE_IDENTIFIER = com.yeon.DoksugongbangUITests;
				PRODUCT_NAME = "$(TARGET_NAME)";
				TARGETED_DEVICE_FAMILY = "1,2";
				TEST_TARGET_NAME = Doksugongbang;
			};
			name = Debug;
		};
		CE6027191FF4AE760089F2CA /* Release */ = {
			isa = XCBuildConfiguration;
			buildSettings = {
				CODE_SIGN_STYLE = Automatic;
				DEVELOPMENT_TEAM = 8YUW62G748;
				INFOPLIST_FILE = DoksugongbangUITests/Info.plist;
				LD_RUNPATH_SEARCH_PATHS = "$(inherited) @executable_path/Frameworks @loader_path/Frameworks";
				PRODUCT_BUNDLE_IDENTIFIER = com.yeon.DoksugongbangUITests;
				PRODUCT_NAME = "$(TARGET_NAME)";
				TARGETED_DEVICE_FAMILY = "1,2";
				TEST_TARGET_NAME = Doksugongbang;
			};
			name = Release;
		};
/* End XCBuildConfiguration section */

/* Begin XCConfigurationList section */
		CE6026E01FF4AE760089F2CA /* Build configuration list for PBXProject "Doksugongbang" */ = {
			isa = XCConfigurationList;
			buildConfigurations = (
				CE60270F1FF4AE760089F2CA /* Debug */,
				CE6027101FF4AE760089F2CA /* Release */,
			);
			defaultConfigurationIsVisible = 0;
			defaultConfigurationName = Release;
		};
		CE6027111FF4AE760089F2CA /* Build configuration list for PBXNativeTarget "Doksugongbang" */ = {
			isa = XCConfigurationList;
			buildConfigurations = (
				CE6027121FF4AE760089F2CA /* Debug */,
				CE6027131FF4AE760089F2CA /* Release */,
			);
			defaultConfigurationIsVisible = 0;
			defaultConfigurationName = Release;
		};
		CE6027141FF4AE760089F2CA /* Build configuration list for PBXNativeTarget "DoksugongbangTests" */ = {
			isa = XCConfigurationList;
			buildConfigurations = (
				CE6027151FF4AE760089F2CA /* Debug */,
				CE6027161FF4AE760089F2CA /* Release */,
			);
			defaultConfigurationIsVisible = 0;
			defaultConfigurationName = Release;
		};
		CE6027171FF4AE760089F2CA /* Build configuration list for PBXNativeTarget "DoksugongbangUITests" */ = {
			isa = XCConfigurationList;
			buildConfigurations = (
				CE6027181FF4AE760089F2CA /* Debug */,
				CE6027191FF4AE760089F2CA /* Release */,
			);
			defaultConfigurationIsVisible = 0;
			defaultConfigurationName = Release;
		};
/* End XCConfigurationList section */
	};
	rootObject = CE6026DD1FF4AE760089F2CA /* Project object */;
}
